
Microsoft Visual Studio Solution File, Format Version 12.00
# Visual Studio Version 16
VisualStudioVersion = 16.0.29519.87
MinimumVisualStudioVersion = 10.0.40219.1
Project("{FAE04EC0-301F-11D3-BF4B-00C04F79EFBC}") = "MoviePlaybill", "MoviePlaybill\MoviePlaybill.csproj", "{525EC4E9-9AB3-4B41-8E3E-48648A25A5C3}"
EndProject
Project("{FAE04EC0-301F-11D3-BF4B-00C04F79EFBC}") = "MoviePlaybillAPI", "MoviePlaybillAPI\MoviePlaybillAPI.csproj", "{DCB10CD2-B764-4CC0-82E3-C8D98D7A55B2}"
EndProject
Global
	GlobalSection(SolutionConfigurationPlatforms) = preSolution
		Debug|Any CPU = Debug|Any CPU
		Release|Any CPU = Release|Any CPU
	EndGlobalSection
	GlobalSection(ProjectConfigurationPlatforms) = postSolution
		{525EC4E9-9AB3-4B41-8E3E-48648A25A5C3}.Debug|Any CPU.ActiveCfg = Debug|Any CPU
		{525EC4E9-9AB3-4B41-8E3E-48648A25A5C3}.Debug|Any CPU.Build.0 = Debug|Any CPU
		{525EC4E9-9AB3-4B41-8E3E-48648A25A5C3}.Release|Any CPU.ActiveCfg = Release|Any CPU
		{525EC4E9-9AB3-4B41-8E3E-48648A25A5C3}.Release|Any CPU.Build.0 = Release|Any CPU
		{DCB10CD2-B764-4CC0-82E3-C8D98D7A55B2}.Debug|Any CPU.ActiveCfg = Debug|Any CPU
		{DCB10CD2-B764-4CC0-82E3-C8D98D7A55B2}.Debug|Any CPU.Build.0 = Debug|Any CPU
		{DCB10CD2-B764-4CC0-82E3-C8D98D7A55B2}.Release|Any CPU.ActiveCfg = Release|Any CPU
		{DCB10CD2-B764-4CC0-82E3-C8D98D7A55B2}.Release|Any CPU.Build.0 = Release|Any CPU
	EndGlobalSection
	GlobalSection(SolutionProperties) = preSolution
		HideSolutionNode = FALSE
	EndGlobalSection
	GlobalSection(ExtensibilityGlobals) = postSolution
		SolutionGuid = {7BD6DD44-21AC-4C7C-9B2E-47337C4DCDD0}
	EndGlobalSection
EndGlobal
